
Microsoft Visual Studio Solution File, Format Version 12.00
# Visual Studio Version 17
VisualStudioVersion = 17.6.33829.357
MinimumVisualStudioVersion = 10.0.40219.1
Project("{8BC9CEB8-8B4A-11D0-8D11-00A0C91BC942}") = "EscucharGrabarVez", "EscucharGrabarVez\EscucharGrabarVez.vcxproj", "{2CE487FB-6A56-4D1D-B3F0-266C06164696}"
EndProject
Project("{8BC9CEB8-8B4A-11D0-8D11-00A0C91BC942}") = "AbrirWav", "AbrirWav\AbrirWav.vcxproj", "{F83F6A70-A13F-4680-B0D4-A09C3ECA9D97}"
EndProject
Project("{8BC9CEB8-8B4A-11D0-8D11-00A0C91BC942}") = "3_UtilizarRedNeuronal", "EscucharGrabarVezPruebaProcesamientoRedNeuronal\EscucharGrabarVezPruebaProcesamientoRedNeuronal.vcxproj", "{5828B465-04C5-41E8-9D60-5E4758359B5D}"
EndProject
Project("{8BC9CEB8-8B4A-11D0-8D11-00A0C91BC942}") = "1_EntrenarRedNeuronal", "RedNeuronalArtificialSecuencial\RedNeuronalArtificialSecuencial.vcxproj", "{48A23F7C-7948-4AA3-9E48-DBD3B7EBDE74}"
EndProject
Project("{8BC9CEB8-8B4A-11D0-8D11-00A0C91BC942}") = "2_TestearRedNeuronal", "2_TestearRedNeuronal\2_TestearRedNeuronal.vcxproj", "{53F695E1-DFCB-41C0-B53C-281C9DEF3A53}"
EndProject
Global
	GlobalSection(SolutionConfigurationPlatforms) = preSolution
		Debug|x64 = Debug|x64
		Release|x64 = Release|x64
	EndGlobalSection
	GlobalSection(ProjectConfigurationPlatforms) = postSolution
		{2CE487FB-6A56-4D1D-B3F0-266C06164696}.Debug|x64.ActiveCfg = Debug|x64
		{2CE487FB-6A56-4D1D-B3F0-266C06164696}.Debug|x64.Build.0 = Debug|x64
		{2CE487FB-6A56-4D1D-B3F0-266C06164696}.Release|x64.ActiveCfg = Release|x64
		{2CE487FB-6A56-4D1D-B3F0-266C06164696}.Release|x64.Build.0 = Release|x64
		{F83F6A70-A13F-4680-B0D4-A09C3ECA9D97}.Debug|x64.ActiveCfg = Debug|x64
		{F83F6A70-A13F-4680-B0D4-A09C3ECA9D97}.Debug|x64.Build.0 = Debug|x64
		{F83F6A70-A13F-4680-B0D4-A09C3ECA9D97}.Release|x64.ActiveCfg = Release|x64
		{F83F6A70-A13F-4680-B0D4-A09C3ECA9D97}.Release|x64.Build.0 = Release|x64
		{5828B465-04C5-41E8-9D60-5E4758359B5D}.Debug|x64.ActiveCfg = Debug|x64
		{5828B465-04C5-41E8-9D60-5E4758359B5D}.Debug|x64.Build.0 = Debug|x64
		{5828B465-04C5-41E8-9D60-5E4758359B5D}.Release|x64.ActiveCfg = Release|x64
		{5828B465-04C5-41E8-9D60-5E4758359B5D}.Release|x64.Build.0 = Release|x64
		{48A23F7C-7948-4AA3-9E48-DBD3B7EBDE74}.Debug|x64.ActiveCfg = Debug|x64
		{48A23F7C-7948-4AA3-9E48-DBD3B7EBDE74}.Debug|x64.Build.0 = Debug|x64
		{48A23F7C-7948-4AA3-9E48-DBD3B7EBDE74}.Release|x64.ActiveCfg = Release|x64
		{48A23F7C-7948-4AA3-9E48-DBD3B7EBDE74}.Release|x64.Build.0 = Release|x64
		{53F695E1-DFCB-41C0-B53C-281C9DEF3A53}.Debug|x64.ActiveCfg = Debug|x64
		{53F695E1-DFCB-41C0-B53C-281C9DEF3A53}.Debug|x64.Build.0 = Debug|x64
		{53F695E1-DFCB-41C0-B53C-281C9DEF3A53}.Release|x64.ActiveCfg = Release|x64
		{53F695E1-DFCB-41C0-B53C-281C9DEF3A53}.Release|x64.Build.0 = Release|x64
	EndGlobalSection
	GlobalSection(SolutionProperties) = preSolution
		HideSolutionNode = FALSE
	EndGlobalSection
	GlobalSection(ExtensibilityGlobals) = postSolution
		SolutionGuid = {96B3E184-8989-48E5-A51B-2B3ACF7509BE}
	EndGlobalSection
EndGlobal
