<?xml version="1.0" encoding="utf-8"?>
<Project ToolsVersion="4.0" xmlns="http://schemas.microsoft.com/developer/msbuild/2003">
  <ItemGroup>
    <CudaCompile Include="kernel.cu" />
    <CudaCompile Include="basicos.cu">
      <Filter>TodoRedNeuronal</Filter>
    </CudaCompile>
    <CudaCompile Include="GestorPunteroPunteroFloatDevice.cu">
      <Filter>TodoRedNeuronal</Filter>
    </CudaCompile>
    <CudaCompile Include="GestorPunteroPunteroFloatHost.cu">
      <Filter>TodoRedNeuronal</Filter>
    </CudaCompile>
    <CudaCompile Include="RedNeuronalSecuencial.cu">
      <Filter>TodoRedNeuronal</Filter>
    </CudaCompile>
  </ItemGroup>
  <ItemGroup>
    <Filter Include="TodoGestionArchivos">
      <UniqueIdentifier>{67eab65e-b5cc-4bbf-a7b0-e8072c3ee91e}</UniqueIdentifier>
    </Filter>
    <Filter Include="TodoRedNeuronal">
      <UniqueIdentifier>{86a82670-ec79-44b5-ae17-4e7eb04dfc21}</UniqueIdentifier>
    </Filter>
  </ItemGroup>
  <ItemGroup>
    <ClInclude Include="file_manager.h">
      <Filter>TodoGestionArchivos</Filter>
    </ClInclude>
    <ClInclude Include="funciones_archivos.h">
      <Filter>TodoGestionArchivos</Filter>
    </ClInclude>
    <ClInclude Include="basicos.cuh">
      <Filter>TodoRedNeuronal</Filter>
    </ClInclude>
    <ClInclude Include="GestorPunteroPunteroFloatDevice.cuh">
      <Filter>TodoRedNeuronal</Filter>
    </ClInclude>
    <ClInclude Include="GestorPunteroPunteroFloatHost.cuh">
      <Filter>TodoRedNeuronal</Filter>
    </ClInclude>
    <ClInclude Include="RedNeuronalSecuencial.cuh">
      <Filter>TodoRedNeuronal</Filter>
    </ClInclude>
  </ItemGroup>
  <ItemGroup>
    <ClCompile Include="file_manager.cpp">
      <Filter>TodoGestionArchivos</Filter>
    </ClCompile>
    <ClCompile Include="funciones_archivos.cpp">
      <Filter>TodoGestionArchivos</Filter>
    </ClCompile>
  </ItemGroup>
</Project>